
Microsoft Visual Studio Solution File, Format Version 12.00
# Visual Studio Version 16
VisualStudioVersion = 16.0.30323.103
MinimumVisualStudioVersion = 10.0.40219.1
Project("{FAE04EC0-301F-11D3-BF4B-00C04F79EFBC}") = "SportsStore", "SportsStore\SportsStore.csproj", "{DA1B4A9E-1727-4371-AEB7-7DDB2BADDF24}"
EndProject
Global
	GlobalSection(SolutionConfigurationPlatforms) = preSolution
		Debug|Any CPU = Debug|Any CPU
		Release|Any CPU = Release|Any CPU
	EndGlobalSection
	GlobalSection(ProjectConfigurationPlatforms) = postSolution
		{DA1B4A9E-1727-4371-AEB7-7DDB2BADDF24}.Debug|Any CPU.ActiveCfg = Debug|Any CPU
		{DA1B4A9E-1727-4371-AEB7-7DDB2BADDF24}.Debug|Any CPU.Build.0 = Debug|Any CPU
		{DA1B4A9E-1727-4371-AEB7-7DDB2BADDF24}.Release|Any CPU.ActiveCfg = Release|Any CPU
		{DA1B4A9E-1727-4371-AEB7-7DDB2BADDF24}.Release|Any CPU.Build.0 = Release|Any CPU
	EndGlobalSection
	GlobalSection(SolutionProperties) = preSolution
		HideSolutionNode = FALSE
	EndGlobalSection
	GlobalSection(ExtensibilityGlobals) = postSolution
		SolutionGuid = {3881B432-C725-4425-96DA-CEF8B1A49542}
	EndGlobalSection
EndGlobal
